// !$*UTF8*$!
{
	archiveVersion = 1;
	classes = {
	};
	objectVersion = 46;
	objects = {
/* Begin PBXBuildFile section */
		00862CE41FC4FDE6002D6BE4 /* AdSupport.framework in Frameworks */ = {isa = PBXBuildFile; fileRef = 00862CE31FC4FD56002D6BE4 /* AdSupport.framework */; };
		0207DA581B56EA530066E2B4 /* Images.xcassets in Resources */ = {isa = PBXBuildFile; fileRef = 0207DA571B56EA530066E2B4 /* Images.xcassets */; };
		0B96FF5B9A75454AAFC1D95F /* libc++.tbd in Frameworks */ = {isa = PBXBuildFile; fileRef = 7164C31B1D0E4626A57E1982 /* libc++.tbd */; };
		0CD7326B38334361A6225008 /* CDVSplashScreen.m in Sources */ = {isa = PBXBuildFile; fileRef = CF324DC507D549F7B6A94CE7 /* CDVSplashScreen.m */; };
		1758EE0C212F4DF6995D3C04 /* CDVLocalFilesystem.m in Sources */ = {isa = PBXBuildFile; fileRef = 0C495060060441D39BB6A1E4 /* CDVLocalFilesystem.m */; };
		1AEF80FF38D94A4997406C62 /* CDVCamera.m in Sources */ = {isa = PBXBuildFile; fileRef = 5D98342352F54144A3DF332C /* CDVCamera.m */; };
		1D3623260D0F684500981E51 /* AppDelegate.m in Sources */ = {isa = PBXBuildFile; fileRef = 1D3623250D0F684500981E51 /* AppDelegate.m */; };
		1D60589B0D05DD56006BFB54 /* main.m in Sources */ = {isa = PBXBuildFile; fileRef = 29B97316FDCFA39411CA2CEA /* main.m */; };
		301BF552109A68D80062928A /* libCordova.a in Frameworks */ = {isa = PBXBuildFile; fileRef = 301BF535109A57CC0062928A /* libCordova.a */; };
		302D95F114D2391D003F00A1 /* MainViewController.m in Sources */ = {isa = PBXBuildFile; fileRef = 302D95EF14D2391D003F00A1 /* MainViewController.m */; };
		302D95F214D2391D003F00A1 /* MainViewController.xib in Resources */ = {isa = PBXBuildFile; fileRef = 302D95F014D2391D003F00A1 /* MainViewController.xib */; };
		3322446DED88470DA7007EEE /* CDVFile.m in Sources */ = {isa = PBXBuildFile; fileRef = 4AA7835861D642B69AE2B5AB /* CDVFile.m */; };
		3418DC2700BA4CE89C720943 /* FirebaseAnalytics.framework in Frameworks */ = {isa = PBXBuildFile; fileRef = 8F68B0E1EF3B49B0B51296D9 /* FirebaseAnalytics.framework */; };
		344CC20164784B7F9481053D /* GoogleSymbolUtilities.framework in Frameworks */ = {isa = PBXBuildFile; fileRef = 801FE6FD33684B0D933C6485 /* GoogleSymbolUtilities.framework */; };
		3DC0B7313AD7404895F4C9CE /* GoogleService-Info.plist in Resources */ = {isa = PBXBuildFile; fileRef = F06EC1D6664D4A6EB7B00AF7 /* GoogleService-Info.plist */; };
		45188B6900C44720A4CCB949 /* AddressBook.framework in Frameworks */ = {isa = PBXBuildFile; fileRef = 155C28B7B6DB47F592196F94 /* AddressBook.framework */; };
		4CF087C38B1F4B1FB9138229 /* AVFoundation.framework in Frameworks */ = {isa = PBXBuildFile; fileRef = E53CF3B663644614BF61DA75 /* AVFoundation.framework */; };
		4EBF960451C54164BEBE97D5 /* CDVViewController+SplashScreen.m in Sources */ = {isa = PBXBuildFile; fileRef = CFE9C8D3354B48DBADF47016 /* CDVViewController+SplashScreen.m */; };
		5400BE44D9174A87B953AC78 /* FCMPlugin.m in Sources */ = {isa = PBXBuildFile; fileRef = 35BE533A9DA74ECDB53A5EDA /* FCMPlugin.m */; };
		63ABD34B69F840EEA3385DE6 /* Settings.bundle in Resources */ = {isa = PBXBuildFile; fileRef = D5C80BF3638041EA88DE33F2 /* Settings.bundle */; };
		6AFF5BF91D6E424B00AB3073 /* CDVLaunchScreen.storyboard in Resources */ = {isa = PBXBuildFile; fileRef = 6AFF5BF81D6E424B00AB3073 /* CDVLaunchScreen.storyboard */; };
		7703ED8398A84D7D83732A6D /* FirebaseInstanceID.framework in Frameworks */ = {isa = PBXBuildFile; fileRef = 951D5A8842CA48BD9547B662 /* FirebaseInstanceID.framework */; };
		796855A70AB641E89BCD4816 /* CDVAssetLibraryFilesystem.m in Sources */ = {isa = PBXBuildFile; fileRef = 706C884E5E6C4EE1B388B8AE /* CDVAssetLibraryFilesystem.m */; };
		8B5704B836134157818AE3EF /* GoogleInterchangeUtilities.framework in Frameworks */ = {isa = PBXBuildFile; fileRef = DE7A7D8E12304221A81EAB67 /* GoogleInterchangeUtilities.framework */; };
		90B7CEB904CC464BB331FD2F /* FirebaseMessaging.framework in Frameworks */ = {isa = PBXBuildFile; fileRef = FDAEE1B947AF481CA640FC64 /* FirebaseMessaging.framework */; };
		9A98819DA3314EB68FD3B63C /* CDVDevice.m in Sources */ = {isa = PBXBuildFile; fileRef = C05736B2E3F943FC991A2CB3 /* CDVDevice.m */; };
		9AC08DB17B654305A1BA000B /* IonicKeyboard.m in Sources */ = {isa = PBXBuildFile; fileRef = 79F1E4141A2945639AD6E65E /* IonicKeyboard.m */; };
		ADF201DB1DFF4018999E1BCE /* FirebaseCore.framework in Frameworks */ = {isa = PBXBuildFile; fileRef = C04C8FF18C6F4C0AAB93663E /* FirebaseCore.framework */; };
		B507A3A388224D40BB83DEA4 /* libsqlite3.0.tbd in Frameworks */ = {isa = PBXBuildFile; fileRef = 443626C52E6541A290FBFC94 /* libsqlite3.0.tbd */; };
		C8C81D71116A434A840EFACA /* CDVJpegHeaderWriter.m in Sources */ = {isa = PBXBuildFile; fileRef = 2AE61F985EE2401BAD73CADC /* CDVJpegHeaderWriter.m */; };
		D8F5008A2E794754A63B34C5 /* libz.tbd in Frameworks */ = {isa = PBXBuildFile; fileRef = E9E4A4AF3314437DA14667B3 /* libz.tbd */; };
		D956788E07C04246B3A77975 /* Security.framework in Frameworks */ = {isa = PBXBuildFile; fileRef = 3AAC13DB110B4FF99F403518 /* Security.framework */; };
		DA3691D145264E16BD68685C /* ImageIO.framework in Frameworks */ = {isa = PBXBuildFile; fileRef = 5922AB7473E44B1D8660E704 /* ImageIO.framework */; settings = {ATTRIBUTES = (Weak, ); }; };
		DAB6B719DE7E46FCAD6BB103 /* AppPreferences.m in Sources */ = {isa = PBXBuildFile; fileRef = 82A2FA812F534A84B240C2D6 /* AppPreferences.m */; };
		DD3659E7B3D94D559BFF1604 /* GoogleIPhoneUtilities.framework in Frameworks */ = {isa = PBXBuildFile; fileRef = FA79BF014E084DF793365230 /* GoogleIPhoneUtilities.framework */; };
		DE34FA0E42494B4E95EE971B /* GoogleUtilities.framework in Frameworks */ = {isa = PBXBuildFile; fileRef = E6DC1B63DB7245B2861DF2E0 /* GoogleUtilities.framework */; };
		E38DF670FC604EE99C71EE13 /* UIImage+CropScaleOrientation.m in Sources */ = {isa = PBXBuildFile; fileRef = F3C5343AA6BE4635959205EA /* UIImage+CropScaleOrientation.m */; };
		F398D0E066D543F7BD117541 /* CDVFileTransfer.m in Sources */ = {isa = PBXBuildFile; fileRef = 5AEE3B9B597E45C5818DE1C7 /* CDVFileTransfer.m */; };
		F8163FF140884E35949556FC /* CDVStatusBar.m in Sources */ = {isa = PBXBuildFile; fileRef = 8986BC93B6A042C78F83E9D1 /* CDVStatusBar.m */; };
		FB33F59831A24A9DB06CC8A8 /* AppDelegate+FCMPlugin.m in Sources */ = {isa = PBXBuildFile; fileRef = 5867EBB5BFCF4433AC831FDB /* AppDelegate+FCMPlugin.m */; };
		FE66EB2159594A709A7D976B /* CoreLocation.framework in Frameworks */ = {isa = PBXBuildFile; fileRef = 0C3E8698746848B987DE3957 /* CoreLocation.framework */; };
/* End PBXBuildFile section */

/* Begin PBXContainerItemProxy section */
		00862CE11FC4FD31002D6BE4 /* PBXContainerItemProxy */ = {
			isa = PBXContainerItemProxy;
			containerPortal = 301BF52D109A57CC0062928A /* CordovaLib/CordovaLib.xcodeproj */;
			proxyType = 2;
			remoteGlobalIDString = C0C01EB21E3911D50056E6CB;
			remoteInfo = Cordova;
		};
		301BF534109A57CC0062928A /* PBXContainerItemProxy */ = {
			isa = PBXContainerItemProxy;
			containerPortal = 301BF52D109A57CC0062928A /* CordovaLib/CordovaLib.xcodeproj */;
			proxyType = 2;
			remoteGlobalIDString = D2AAC07E0554694100DB518D;
			remoteInfo = CordovaLib;
		};
		301BF550109A68C00062928A /* PBXContainerItemProxy */ = {
			isa = PBXContainerItemProxy;
			containerPortal = 301BF52D109A57CC0062928A /* CordovaLib/CordovaLib.xcodeproj */;
			proxyType = 1;
			remoteGlobalIDString = D2AAC07D0554694100DB518D;
			remoteInfo = CordovaLib;
		};
/* End PBXContainerItemProxy section */

/* Begin PBXFileReference section */
		0019B3AA1FC8AA320003D2B2 /* Interfresa.entitlements */ = {isa = PBXFileReference; lastKnownFileType = text.plist.entitlements; name = Interfresa.entitlements; path = Interfresa/Interfresa.entitlements; sourceTree = "<group>"; };
		00862CE31FC4FD56002D6BE4 /* AdSupport.framework */ = {isa = PBXFileReference; lastKnownFileType = wrapper.framework; name = AdSupport.framework; path = System/Library/Frameworks/AdSupport.framework; sourceTree = SDKROOT; };
		0207DA571B56EA530066E2B4 /* Images.xcassets */ = {isa = PBXFileReference; lastKnownFileType = folder.assetcatalog; name = Images.xcassets; path = Interfresa/Images.xcassets; sourceTree = SOURCE_ROOT; };
		0C3E8698746848B987DE3957 /* CoreLocation.framework */ = {isa = PBXFileReference; explicitFileType = undefined; fileEncoding = 9; includeInIndex = 0; lastKnownFileType = wrapper.framework; name = CoreLocation.framework; path = System/Library/Frameworks/CoreLocation.framework; sourceTree = SDKROOT; };
		0C495060060441D39BB6A1E4 /* CDVLocalFilesystem.m */ = {isa = PBXFileReference; explicitFileType = undefined; fileEncoding = 4; includeInIndex = 0; lastKnownFileType = sourcecode.c.objc; name = CDVLocalFilesystem.m; path = "cordova-plugin-file/CDVLocalFilesystem.m"; sourceTree = "<group>"; };
		155C28B7B6DB47F592196F94 /* AddressBook.framework */ = {isa = PBXFileReference; explicitFileType = undefined; fileEncoding = 9; includeInIndex = 0; lastKnownFileType = wrapper.framework; name = AddressBook.framework; path = System/Library/Frameworks/AddressBook.framework; sourceTree = SDKROOT; };
		1D3623240D0F684500981E51 /* AppDelegate.h */ = {isa = PBXFileReference; fileEncoding = 4; lastKnownFileType = sourcecode.c.h; path = AppDelegate.h; sourceTree = "<group>"; };
		1D3623250D0F684500981E51 /* AppDelegate.m */ = {isa = PBXFileReference; fileEncoding = 4; lastKnownFileType = sourcecode.c.objc; path = AppDelegate.m; sourceTree = "<group>"; };
		1D6058910D05DD3D006BFB54 /* Interfresa.app */ = {isa = PBXFileReference; explicitFileType = wrapper.application; includeInIndex = 0; path = Interfresa.app; sourceTree = BUILT_PRODUCTS_DIR; };
		29356D8F7C6249179BD82D10 /* CDVLocalFilesystem.h */ = {isa = PBXFileReference; explicitFileType = undefined; fileEncoding = 4; includeInIndex = 0; lastKnownFileType = sourcecode.c.h; name = CDVLocalFilesystem.h; path = "cordova-plugin-file/CDVLocalFilesystem.h"; sourceTree = "<group>"; };
		29B97316FDCFA39411CA2CEA /* main.m */ = {isa = PBXFileReference; fileEncoding = 4; lastKnownFileType = sourcecode.c.objc; path = main.m; sourceTree = "<group>"; };
		2AE61F985EE2401BAD73CADC /* CDVJpegHeaderWriter.m */ = {isa = PBXFileReference; explicitFileType = undefined; fileEncoding = 4; includeInIndex = 0; lastKnownFileType = sourcecode.c.objc; name = CDVJpegHeaderWriter.m; path = "cordova-plugin-camera/CDVJpegHeaderWriter.m"; sourceTree = "<group>"; };
		301BF52D109A57CC0062928A /* CordovaLib/CordovaLib.xcodeproj */ = {isa = PBXFileReference; lastKnownFileType = "wrapper.pb-project"; path = CordovaLib/CordovaLib.xcodeproj; sourceTree = "<group>"; };
		301BF56E109A69640062928A /* www */ = {isa = PBXFileReference; lastKnownFileType = folder; path = www; sourceTree = SOURCE_ROOT; };
		302D95EE14D2391D003F00A1 /* MainViewController.h */ = {isa = PBXFileReference; fileEncoding = 4; lastKnownFileType = sourcecode.c.h; path = MainViewController.h; sourceTree = "<group>"; };
		302D95EF14D2391D003F00A1 /* MainViewController.m */ = {isa = PBXFileReference; fileEncoding = 4; lastKnownFileType = sourcecode.c.objc; path = MainViewController.m; sourceTree = "<group>"; };
		302D95F014D2391D003F00A1 /* MainViewController.xib */ = {isa = PBXFileReference; fileEncoding = 4; lastKnownFileType = file.xib; path = MainViewController.xib; sourceTree = "<group>"; };
		3047A50F1AB8059700498E2A /* build-debug.xcconfig */ = {isa = PBXFileReference; fileEncoding = 4; lastKnownFileType = text.xcconfig; name = "build-debug.xcconfig"; path = "cordova/build-debug.xcconfig"; sourceTree = SOURCE_ROOT; };
		3047A5101AB8059700498E2A /* build-release.xcconfig */ = {isa = PBXFileReference; fileEncoding = 4; lastKnownFileType = text.xcconfig; name = "build-release.xcconfig"; path = "cordova/build-release.xcconfig"; sourceTree = SOURCE_ROOT; };
		3047A5111AB8059700498E2A /* build.xcconfig */ = {isa = PBXFileReference; fileEncoding = 4; lastKnownFileType = text.xcconfig; name = build.xcconfig; path = cordova/build.xcconfig; sourceTree = SOURCE_ROOT; };
		32CA4F630368D1EE00C91783 /* Interfresa-Prefix.pch */ = {isa = PBXFileReference; fileEncoding = 4; lastKnownFileType = sourcecode.c.h; path = "Interfresa-Prefix.pch"; sourceTree = "<group>"; };
		35073D45E6B243BF9AF38D09 /* Firebase.h */ = {isa = PBXFileReference; explicitFileType = undefined; fileEncoding = 4; includeInIndex = 0; lastKnownFileType = sourcecode.c.h; name = Firebase.h; path = "cordova-plugin-fcm/Firebase.h"; sourceTree = "<group>"; };
		35BE533A9DA74ECDB53A5EDA /* FCMPlugin.m */ = {isa = PBXFileReference; explicitFileType = undefined; fileEncoding = 4; includeInIndex = 0; lastKnownFileType = sourcecode.c.objc; name = FCMPlugin.m; path = "cordova-plugin-fcm/FCMPlugin.m"; sourceTree = "<group>"; };
		3AAC13DB110B4FF99F403518 /* Security.framework */ = {isa = PBXFileReference; explicitFileType = undefined; fileEncoding = 9; includeInIndex = 0; lastKnownFileType = wrapper.framework; name = Security.framework; path = System/Library/Frameworks/Security.framework; sourceTree = SDKROOT; };
		3D6D5C9941214416A2E6501B /* UIImage+CropScaleOrientation.h */ = {isa = PBXFileReference; explicitFileType = undefined; fileEncoding = 4; includeInIndex = 0; lastKnownFileType = sourcecode.c.h; name = "UIImage+CropScaleOrientation.h"; path = "cordova-plugin-camera/UIImage+CropScaleOrientation.h"; sourceTree = "<group>"; };
		443626C52E6541A290FBFC94 /* libsqlite3.0.tbd */ = {isa = PBXFileReference; explicitFileType = undefined; fileEncoding = 9; includeInIndex = 0; lastKnownFileType = "sourcecode.text-based-dylib-definition"; name = libsqlite3.0.tbd; path = usr/lib/libsqlite3.0.tbd; sourceTree = SDKROOT; };
		4AA7835861D642B69AE2B5AB /* CDVFile.m */ = {isa = PBXFileReference; explicitFileType = undefined; fileEncoding = 4; includeInIndex = 0; lastKnownFileType = sourcecode.c.objc; name = CDVFile.m; path = "cordova-plugin-file/CDVFile.m"; sourceTree = "<group>"; };
		4B1A3696707E4BE1BFD68560 /* CDVStatusBar.h */ = {isa = PBXFileReference; explicitFileType = undefined; fileEncoding = 4; includeInIndex = 0; lastKnownFileType = sourcecode.c.h; name = CDVStatusBar.h; path = "cordova-plugin-statusbar/CDVStatusBar.h"; sourceTree = "<group>"; };
		5867EBB5BFCF4433AC831FDB /* AppDelegate+FCMPlugin.m */ = {isa = PBXFileReference; explicitFileType = undefined; fileEncoding = 4; includeInIndex = 0; lastKnownFileType = sourcecode.c.objc; name = "AppDelegate+FCMPlugin.m"; path = "cordova-plugin-fcm/AppDelegate+FCMPlugin.m"; sourceTree = "<group>"; };
		5922AB7473E44B1D8660E704 /* ImageIO.framework */ = {isa = PBXFileReference; explicitFileType = undefined; fileEncoding = 9; includeInIndex = 0; lastKnownFileType = wrapper.framework; name = ImageIO.framework; path = System/Library/Frameworks/ImageIO.framework; sourceTree = SDKROOT; };
		5AEE3B9B597E45C5818DE1C7 /* CDVFileTransfer.m */ = {isa = PBXFileReference; explicitFileType = undefined; fileEncoding = 4; includeInIndex = 0; lastKnownFileType = sourcecode.c.objc; name = CDVFileTransfer.m; path = "cordova-plugin-file-transfer/CDVFileTransfer.m"; sourceTree = "<group>"; };
		5D98342352F54144A3DF332C /* CDVCamera.m */ = {isa = PBXFileReference; explicitFileType = undefined; fileEncoding = 4; includeInIndex = 0; lastKnownFileType = sourcecode.c.objc; name = CDVCamera.m; path = "cordova-plugin-camera/CDVCamera.m"; sourceTree = "<group>"; };
		634C4A21EB374A7BB4AFAD1D /* AppDelegate+FCMPlugin.h */ = {isa = PBXFileReference; explicitFileType = undefined; fileEncoding = 4; includeInIndex = 0; lastKnownFileType = sourcecode.c.h; name = "AppDelegate+FCMPlugin.h"; path = "cordova-plugin-fcm/AppDelegate+FCMPlugin.h"; sourceTree = "<group>"; };
		6AFF5BF81D6E424B00AB3073 /* CDVLaunchScreen.storyboard */ = {isa = PBXFileReference; fileEncoding = 4; lastKnownFileType = file.storyboard; name = CDVLaunchScreen.storyboard; path = Interfresa/CDVLaunchScreen.storyboard; sourceTree = SOURCE_ROOT; };
		706C884E5E6C4EE1B388B8AE /* CDVAssetLibraryFilesystem.m */ = {isa = PBXFileReference; explicitFileType = undefined; fileEncoding = 4; includeInIndex = 0; lastKnownFileType = sourcecode.c.objc; name = CDVAssetLibraryFilesystem.m; path = "cordova-plugin-file/CDVAssetLibraryFilesystem.m"; sourceTree = "<group>"; };
		7164C31B1D0E4626A57E1982 /* libc++.tbd */ = {isa = PBXFileReference; explicitFileType = undefined; fileEncoding = 9; includeInIndex = 0; lastKnownFileType = "sourcecode.text-based-dylib-definition"; name = "libc++.tbd"; path = "usr/lib/libc++.tbd"; sourceTree = SDKROOT; };
		720DC626381546DA8F688A13 /* CDVCamera.h */ = {isa = PBXFileReference; explicitFileType = undefined; fileEncoding = 4; includeInIndex = 0; lastKnownFileType = sourcecode.c.h; name = CDVCamera.h; path = "cordova-plugin-camera/CDVCamera.h"; sourceTree = "<group>"; };
		782347A36BDF4FEEAE26CEA8 /* CDVDevice.h */ = {isa = PBXFileReference; explicitFileType = undefined; fileEncoding = 4; includeInIndex = 0; lastKnownFileType = sourcecode.c.h; name = CDVDevice.h; path = "cordova-plugin-device/CDVDevice.h"; sourceTree = "<group>"; };
		79F1E4141A2945639AD6E65E /* IonicKeyboard.m */ = {isa = PBXFileReference; explicitFileType = undefined; fileEncoding = 4; includeInIndex = 0; lastKnownFileType = sourcecode.c.objc; name = IonicKeyboard.m; path = "ionic-plugin-keyboard/IonicKeyboard.m"; sourceTree = "<group>"; };
		7C8775196F30454B9701B796 /* CDVJpegHeaderWriter.h */ = {isa = PBXFileReference; explicitFileType = undefined; fileEncoding = 4; includeInIndex = 0; lastKnownFileType = sourcecode.c.h; name = CDVJpegHeaderWriter.h; path = "cordova-plugin-camera/CDVJpegHeaderWriter.h"; sourceTree = "<group>"; };
		801FE6FD33684B0D933C6485 /* GoogleSymbolUtilities.framework */ = {isa = PBXFileReference; explicitFileType = undefined; fileEncoding = 9; includeInIndex = 0; lastKnownFileType = wrapper.framework; name = GoogleSymbolUtilities.framework; path = "Interfresa/Plugins/cordova-plugin-fcm/GoogleSymbolUtilities.framework"; sourceTree = "<group>"; };
		8106B9450B72451A94F6C9AC /* CDVExif.h */ = {isa = PBXFileReference; explicitFileType = undefined; fileEncoding = 4; includeInIndex = 0; lastKnownFileType = sourcecode.c.h; name = CDVExif.h; path = "cordova-plugin-camera/CDVExif.h"; sourceTree = "<group>"; };
		82A2FA812F534A84B240C2D6 /* AppPreferences.m */ = {isa = PBXFileReference; explicitFileType = undefined; fileEncoding = 4; includeInIndex = 0; lastKnownFileType = sourcecode.c.objc; name = AppPreferences.m; path = "cordova-plugin-app-preferences/AppPreferences.m"; sourceTree = "<group>"; };
		8986BC93B6A042C78F83E9D1 /* CDVStatusBar.m */ = {isa = PBXFileReference; explicitFileType = undefined; fileEncoding = 4; includeInIndex = 0; lastKnownFileType = sourcecode.c.objc; name = CDVStatusBar.m; path = "cordova-plugin-statusbar/CDVStatusBar.m"; sourceTree = "<group>"; };
		8D1107310486CEB800E47090 /* Interfresa-Info.plist */ = {isa = PBXFileReference; fileEncoding = 4; lastKnownFileType = text.plist.xml; name = "Interfresa-Info.plist"; path = "Interfresa/Interfresa-Info.plist"; plistStructureDefinitionIdentifier = "com.apple.xcode.plist.structure-definition.iphone.info-plist"; sourceTree = SOURCE_ROOT; };
		8F68B0E1EF3B49B0B51296D9 /* FirebaseAnalytics.framework */ = {isa = PBXFileReference; explicitFileType = undefined; fileEncoding = 9; includeInIndex = 0; lastKnownFileType = wrapper.framework; name = FirebaseAnalytics.framework; path = "Interfresa/Plugins/cordova-plugin-fcm/FirebaseAnalytics.framework"; sourceTree = "<group>"; };
		951D5A8842CA48BD9547B662 /* FirebaseInstanceID.framework */ = {isa = PBXFileReference; explicitFileType = undefined; fileEncoding = 9; includeInIndex = 0; lastKnownFileType = wrapper.framework; name = FirebaseInstanceID.framework; path = "Interfresa/Plugins/cordova-plugin-fcm/FirebaseInstanceID.framework"; sourceTree = "<group>"; };
		9D24A9EF6617474593B622C8 /* CDVFile.h */ = {isa = PBXFileReference; explicitFileType = undefined; fileEncoding = 4; includeInIndex = 0; lastKnownFileType = sourcecode.c.h; name = CDVFile.h; path = "cordova-plugin-file/CDVFile.h"; sourceTree = "<group>"; };
		ADD04D8B43AD4653B6B29606 /* CDVViewController+SplashScreen.h */ = {isa = PBXFileReference; explicitFileType = undefined; fileEncoding = 4; includeInIndex = 0; lastKnownFileType = sourcecode.c.h; name = "CDVViewController+SplashScreen.h"; path = "cordova-plugin-splashscreen/CDVViewController+SplashScreen.h"; sourceTree = "<group>"; };
		BA69CA82960446C3AA537D91 /* IonicKeyboard.h */ = {isa = PBXFileReference; explicitFileType = undefined; fileEncoding = 4; includeInIndex = 0; lastKnownFileType = sourcecode.c.h; name = IonicKeyboard.h; path = "ionic-plugin-keyboard/IonicKeyboard.h"; sourceTree = "<group>"; };
		C04C8FF18C6F4C0AAB93663E /* FirebaseCore.framework */ = {isa = PBXFileReference; explicitFileType = undefined; fileEncoding = 9; includeInIndex = 0; lastKnownFileType = wrapper.framework; name = FirebaseCore.framework; path = "Interfresa/Plugins/cordova-plugin-fcm/FirebaseCore.framework"; sourceTree = "<group>"; };
		C05736B2E3F943FC991A2CB3 /* CDVDevice.m */ = {isa = PBXFileReference; explicitFileType = undefined; fileEncoding = 4; includeInIndex = 0; lastKnownFileType = sourcecode.c.objc; name = CDVDevice.m; path = "cordova-plugin-device/CDVDevice.m"; sourceTree = "<group>"; };
		C8681850EC4346728ED7441F /* FCMPlugin.h */ = {isa = PBXFileReference; explicitFileType = undefined; fileEncoding = 4; includeInIndex = 0; lastKnownFileType = sourcecode.c.h; name = FCMPlugin.h; path = "cordova-plugin-fcm/FCMPlugin.h"; sourceTree = "<group>"; };
		CF324DC507D549F7B6A94CE7 /* CDVSplashScreen.m */ = {isa = PBXFileReference; explicitFileType = undefined; fileEncoding = 4; includeInIndex = 0; lastKnownFileType = sourcecode.c.objc; name = CDVSplashScreen.m; path = "cordova-plugin-splashscreen/CDVSplashScreen.m"; sourceTree = "<group>"; };
		CFE9C8D3354B48DBADF47016 /* CDVViewController+SplashScreen.m */ = {isa = PBXFileReference; explicitFileType = undefined; fileEncoding = 4; includeInIndex = 0; lastKnownFileType = sourcecode.c.objc; name = "CDVViewController+SplashScreen.m"; path = "cordova-plugin-splashscreen/CDVViewController+SplashScreen.m"; sourceTree = "<group>"; };
		D5C80BF3638041EA88DE33F2 /* Settings.bundle */ = {isa = PBXFileReference; explicitFileType = undefined; fileEncoding = 9; includeInIndex = 0; lastKnownFileType = "wrapper.plug-in"; path = Settings.bundle; sourceTree = SOURCE_ROOT; };
		D8F5079820FB4109BD873892 /* CDVSplashScreen.h */ = {isa = PBXFileReference; explicitFileType = undefined; fileEncoding = 4; includeInIndex = 0; lastKnownFileType = sourcecode.c.h; name = CDVSplashScreen.h; path = "cordova-plugin-splashscreen/CDVSplashScreen.h"; sourceTree = "<group>"; };
		D9C7693CBD6E49B188914A0D /* AppPreferences.h */ = {isa = PBXFileReference; explicitFileType = undefined; fileEncoding = 4; includeInIndex = 0; lastKnownFileType = sourcecode.c.h; name = AppPreferences.h; path = "cordova-plugin-app-preferences/AppPreferences.h"; sourceTree = "<group>"; };
		DD13EFBFCF754C4DB7DD9B28 /* CDVFileTransfer.h */ = {isa = PBXFileReference; explicitFileType = undefined; fileEncoding = 4; includeInIndex = 0; lastKnownFileType = sourcecode.c.h; name = CDVFileTransfer.h; path = "cordova-plugin-file-transfer/CDVFileTransfer.h"; sourceTree = "<group>"; };
		DE7A7D8E12304221A81EAB67 /* GoogleInterchangeUtilities.framework */ = {isa = PBXFileReference; explicitFileType = undefined; fileEncoding = 9; includeInIndex = 0; lastKnownFileType = wrapper.framework; name = GoogleInterchangeUtilities.framework; path = "Interfresa/Plugins/cordova-plugin-fcm/GoogleInterchangeUtilities.framework"; sourceTree = "<group>"; };
		E53CF3B663644614BF61DA75 /* AVFoundation.framework */ = {isa = PBXFileReference; explicitFileType = undefined; fileEncoding = 9; includeInIndex = 0; lastKnownFileType = wrapper.framework; name = AVFoundation.framework; path = System/Library/Frameworks/AVFoundation.framework; sourceTree = SDKROOT; };
		E6DC1B63DB7245B2861DF2E0 /* GoogleUtilities.framework */ = {isa = PBXFileReference; explicitFileType = undefined; fileEncoding = 9; includeInIndex = 0; lastKnownFileType = wrapper.framework; name = GoogleUtilities.framework; path = "Interfresa/Plugins/cordova-plugin-fcm/GoogleUtilities.framework"; sourceTree = "<group>"; };
		E9BCB87C905748D6BFE9F30A /* CDVAssetLibraryFilesystem.h */ = {isa = PBXFileReference; explicitFileType = undefined; fileEncoding = 4; includeInIndex = 0; lastKnownFileType = sourcecode.c.h; name = CDVAssetLibraryFilesystem.h; path = "cordova-plugin-file/CDVAssetLibraryFilesystem.h"; sourceTree = "<group>"; };
		E9E4A4AF3314437DA14667B3 /* libz.tbd */ = {isa = PBXFileReference; explicitFileType = undefined; fileEncoding = 9; includeInIndex = 0; lastKnownFileType = "sourcecode.text-based-dylib-definition"; name = libz.tbd; path = usr/lib/libz.tbd; sourceTree = SDKROOT; };
		EB87FDF31871DA8E0020F90C /* www */ = {isa = PBXFileReference; lastKnownFileType = folder; name = www; path = ../../www; sourceTree = "<group>"; };
		EB87FDF41871DAF40020F90C /* config.xml */ = {isa = PBXFileReference; lastKnownFileType = text.xml; name = config.xml; path = ../../config.xml; sourceTree = "<group>"; };
		ED33DF2A687741AEAF9F8254 /* Bridging-Header.h */ = {isa = PBXFileReference; fileEncoding = 4; lastKnownFileType = sourcecode.c.h; path = "Bridging-Header.h"; sourceTree = "<group>"; };
		F06EC1D6664D4A6EB7B00AF7 /* GoogleService-Info.plist */ = {isa = PBXFileReference; explicitFileType = undefined; fileEncoding = 4; includeInIndex = 0; lastKnownFileType = text.plist.xml; name = "GoogleService-Info.plist"; path = "Resources/GoogleService-Info.plist"; sourceTree = "<group>"; };
		F3C5343AA6BE4635959205EA /* UIImage+CropScaleOrientation.m */ = {isa = PBXFileReference; explicitFileType = undefined; fileEncoding = 4; includeInIndex = 0; lastKnownFileType = sourcecode.c.objc; name = "UIImage+CropScaleOrientation.m"; path = "cordova-plugin-camera/UIImage+CropScaleOrientation.m"; sourceTree = "<group>"; };
		F840E1F0165FE0F500CFE078 /* config.xml */ = {isa = PBXFileReference; lastKnownFileType = text.xml; name = config.xml; path = Interfresa/config.xml; sourceTree = "<group>"; };
		FA79BF014E084DF793365230 /* GoogleIPhoneUtilities.framework */ = {isa = PBXFileReference; explicitFileType = undefined; fileEncoding = 9; includeInIndex = 0; lastKnownFileType = wrapper.framework; name = GoogleIPhoneUtilities.framework; path = "Interfresa/Plugins/cordova-plugin-fcm/GoogleIPhoneUtilities.framework"; sourceTree = "<group>"; };
		FDAEE1B947AF481CA640FC64 /* FirebaseMessaging.framework */ = {isa = PBXFileReference; explicitFileType = undefined; fileEncoding = 9; includeInIndex = 0; lastKnownFileType = wrapper.framework; name = FirebaseMessaging.framework; path = "Interfresa/Plugins/cordova-plugin-fcm/FirebaseMessaging.framework"; sourceTree = "<group>"; };
/* End PBXFileReference section */

/* Begin PBXFrameworksBuildPhase section */
		1D60588F0D05DD3D006BFB54 /* Frameworks */ = {
			isa = PBXFrameworksBuildPhase;
			buildActionMask = 2147483647;
			files = (
				00862CE41FC4FDE6002D6BE4 /* AdSupport.framework in Frameworks */,
				301BF552109A68D80062928A /* libCordova.a in Frameworks */,
				DA3691D145264E16BD68685C /* ImageIO.framework in Frameworks */,
				FE66EB2159594A709A7D976B /* CoreLocation.framework in Frameworks */,
				4CF087C38B1F4B1FB9138229 /* AVFoundation.framework in Frameworks */,
				D8F5008A2E794754A63B34C5 /* libz.tbd in Frameworks */,
				3418DC2700BA4CE89C720943 /* FirebaseAnalytics.framework in Frameworks */,
				ADF201DB1DFF4018999E1BCE /* FirebaseCore.framework in Frameworks */,
				7703ED8398A84D7D83732A6D /* FirebaseInstanceID.framework in Frameworks */,
				90B7CEB904CC464BB331FD2F /* FirebaseMessaging.framework in Frameworks */,
				8B5704B836134157818AE3EF /* GoogleInterchangeUtilities.framework in Frameworks */,
				DD3659E7B3D94D559BFF1604 /* GoogleIPhoneUtilities.framework in Frameworks */,
				344CC20164784B7F9481053D /* GoogleSymbolUtilities.framework in Frameworks */,
				DE34FA0E42494B4E95EE971B /* GoogleUtilities.framework in Frameworks */,
				0B96FF5B9A75454AAFC1D95F /* libc++.tbd in Frameworks */,
				45188B6900C44720A4CCB949 /* AddressBook.framework in Frameworks */,
				B507A3A388224D40BB83DEA4 /* libsqlite3.0.tbd in Frameworks */,
				D956788E07C04246B3A77975 /* Security.framework in Frameworks */,
			);
			runOnlyForDeploymentPostprocessing = 0;
		};
/* End PBXFrameworksBuildPhase section */

/* Begin PBXGroup section */
		080E96DDFE201D6D7F000001 /* Classes */ = {
			isa = PBXGroup;
			children = (
				302D95EE14D2391D003F00A1 /* MainViewController.h */,
				302D95EF14D2391D003F00A1 /* MainViewController.m */,
				302D95F014D2391D003F00A1 /* MainViewController.xib */,
				1D3623240D0F684500981E51 /* AppDelegate.h */,
				1D3623250D0F684500981E51 /* AppDelegate.m */,
			);
			name = Classes;
			path = Interfresa/Classes;
			sourceTree = SOURCE_ROOT;
		};
		19C28FACFE9D520D11CA2CBB /* Products */ = {
			isa = PBXGroup;
			children = (
				1D6058910D05DD3D006BFB54 /* Interfresa.app */,
			);
			name = Products;
			sourceTree = "<group>";
		};
		29B97314FDCFA39411CA2CEA /* CustomTemplate */ = {
			isa = PBXGroup;
			children = (
				0019B3AA1FC8AA320003D2B2 /* Interfresa.entitlements */,
				EB87FDF41871DAF40020F90C /* config.xml */,
				EB87FDF31871DA8E0020F90C /* www */,
				EB87FDF11871DA420020F90C /* Staging */,
				301BF52D109A57CC0062928A /* CordovaLib/CordovaLib.xcodeproj */,
				080E96DDFE201D6D7F000001 /* Classes */,
				307C750510C5A3420062BCA9 /* Plugins */,
				29B97315FDCFA39411CA2CEA /* Other Sources */,
				29B97317FDCFA39411CA2CEA /* Resources */,
				29B97323FDCFA39411CA2CEA /* Frameworks */,
				19C28FACFE9D520D11CA2CBB /* Products */,
			);
			name = CustomTemplate;
			sourceTree = "<group>";
		};
		29B97315FDCFA39411CA2CEA /* Other Sources */ = {
			isa = PBXGroup;
			children = (
				32CA4F630368D1EE00C91783 /* Interfresa-Prefix.pch */,
				29B97316FDCFA39411CA2CEA /* main.m */,
				ED33DF2A687741AEAF9F8254 /* Bridging-Header.h */,
			);
			name = "Other Sources";
			path = Interfresa;
			sourceTree = "<group>";
		};
		29B97317FDCFA39411CA2CEA /* Resources */ = {
			isa = PBXGroup;
			children = (
				0207DA571B56EA530066E2B4 /* Images.xcassets */,
				3047A50E1AB8057F00498E2A /* config */,
				8D1107310486CEB800E47090 /* Interfresa-Info.plist */,
				6AFF5BF81D6E424B00AB3073 /* CDVLaunchScreen.storyboard */,
				F06EC1D6664D4A6EB7B00AF7 /* GoogleService-Info.plist */,
				D5C80BF3638041EA88DE33F2 /* Settings.bundle */,
			);
			name = Resources;
			path = Interfresa/Resources;
			sourceTree = "<group>";
		};
		29B97323FDCFA39411CA2CEA /* Frameworks */ = {
			isa = PBXGroup;
			children = (
				00862CE31FC4FD56002D6BE4 /* AdSupport.framework */,
				5922AB7473E44B1D8660E704 /* ImageIO.framework */,
				0C3E8698746848B987DE3957 /* CoreLocation.framework */,
				E53CF3B663644614BF61DA75 /* AVFoundation.framework */,
				E9E4A4AF3314437DA14667B3 /* libz.tbd */,
				8F68B0E1EF3B49B0B51296D9 /* FirebaseAnalytics.framework */,
				C04C8FF18C6F4C0AAB93663E /* FirebaseCore.framework */,
				951D5A8842CA48BD9547B662 /* FirebaseInstanceID.framework */,
				FDAEE1B947AF481CA640FC64 /* FirebaseMessaging.framework */,
				DE7A7D8E12304221A81EAB67 /* GoogleInterchangeUtilities.framework */,
				FA79BF014E084DF793365230 /* GoogleIPhoneUtilities.framework */,
				801FE6FD33684B0D933C6485 /* GoogleSymbolUtilities.framework */,
				E6DC1B63DB7245B2861DF2E0 /* GoogleUtilities.framework */,
				7164C31B1D0E4626A57E1982 /* libc++.tbd */,
				155C28B7B6DB47F592196F94 /* AddressBook.framework */,
				443626C52E6541A290FBFC94 /* libsqlite3.0.tbd */,
				3AAC13DB110B4FF99F403518 /* Security.framework */,
			);
			name = Frameworks;
			sourceTree = "<group>";
		};
		301BF52E109A57CC0062928A /* Products */ = {
			isa = PBXGroup;
			children = (
				301BF535109A57CC0062928A /* libCordova.a */,
				00862CE21FC4FD31002D6BE4 /* Cordova.framework */,
			);
			name = Products;
			sourceTree = "<group>";
		};
		3047A50E1AB8057F00498E2A /* config */ = {
			isa = PBXGroup;
			children = (
				3047A50F1AB8059700498E2A /* build-debug.xcconfig */,
				3047A5101AB8059700498E2A /* build-release.xcconfig */,
				3047A5111AB8059700498E2A /* build.xcconfig */,
			);
			name = config;
			sourceTree = "<group>";
		};
		307C750510C5A3420062BCA9 /* Plugins */ = {
			isa = PBXGroup;
			children = (
				82A2FA812F534A84B240C2D6 /* AppPreferences.m */,
				D9C7693CBD6E49B188914A0D /* AppPreferences.h */,
				F3C5343AA6BE4635959205EA /* UIImage+CropScaleOrientation.m */,
				5D98342352F54144A3DF332C /* CDVCamera.m */,
				2AE61F985EE2401BAD73CADC /* CDVJpegHeaderWriter.m */,
				3D6D5C9941214416A2E6501B /* UIImage+CropScaleOrientation.h */,
				720DC626381546DA8F688A13 /* CDVCamera.h */,
				7C8775196F30454B9701B796 /* CDVJpegHeaderWriter.h */,
				8106B9450B72451A94F6C9AC /* CDVExif.h */,
				C05736B2E3F943FC991A2CB3 /* CDVDevice.m */,
				782347A36BDF4FEEAE26CEA8 /* CDVDevice.h */,
				35BE533A9DA74ECDB53A5EDA /* FCMPlugin.m */,
				5867EBB5BFCF4433AC831FDB /* AppDelegate+FCMPlugin.m */,
				C8681850EC4346728ED7441F /* FCMPlugin.h */,
				634C4A21EB374A7BB4AFAD1D /* AppDelegate+FCMPlugin.h */,
				35073D45E6B243BF9AF38D09 /* Firebase.h */,
				4AA7835861D642B69AE2B5AB /* CDVFile.m */,
				0C495060060441D39BB6A1E4 /* CDVLocalFilesystem.m */,
				706C884E5E6C4EE1B388B8AE /* CDVAssetLibraryFilesystem.m */,
				9D24A9EF6617474593B622C8 /* CDVFile.h */,
				29356D8F7C6249179BD82D10 /* CDVLocalFilesystem.h */,
				E9BCB87C905748D6BFE9F30A /* CDVAssetLibraryFilesystem.h */,
				5AEE3B9B597E45C5818DE1C7 /* CDVFileTransfer.m */,
				DD13EFBFCF754C4DB7DD9B28 /* CDVFileTransfer.h */,
				CF324DC507D549F7B6A94CE7 /* CDVSplashScreen.m */,
				CFE9C8D3354B48DBADF47016 /* CDVViewController+SplashScreen.m */,
				D8F5079820FB4109BD873892 /* CDVSplashScreen.h */,
				ADD04D8B43AD4653B6B29606 /* CDVViewController+SplashScreen.h */,
				8986BC93B6A042C78F83E9D1 /* CDVStatusBar.m */,
				4B1A3696707E4BE1BFD68560 /* CDVStatusBar.h */,
				79F1E4141A2945639AD6E65E /* IonicKeyboard.m */,
				BA69CA82960446C3AA537D91 /* IonicKeyboard.h */,
			);
			name = Plugins;
			path = Interfresa/Plugins;
			sourceTree = SOURCE_ROOT;
		};
		EB87FDF11871DA420020F90C /* Staging */ = {
			isa = PBXGroup;
			children = (
				F840E1F0165FE0F500CFE078 /* config.xml */,
				301BF56E109A69640062928A /* www */,
			);
			name = Staging;
			sourceTree = "<group>";
		};
/* End PBXGroup section */

/* Begin PBXNativeTarget section */
		1D6058900D05DD3D006BFB54 /* Interfresa */ = {
			isa = PBXNativeTarget;
			buildConfigurationList = 1D6058960D05DD3E006BFB54 /* Build configuration list for PBXNativeTarget "Interfresa" */;
			buildPhases = (
				304B58A110DAC018002A0835 /* Copy www directory */,
				1D60588D0D05DD3D006BFB54 /* Resources */,
				1D60588E0D05DD3D006BFB54 /* Sources */,
				1D60588F0D05DD3D006BFB54 /* Frameworks */,
			);
			buildRules = (
			);
			dependencies = (
				301BF551109A68C00062928A /* PBXTargetDependency */,
			);
			name = Interfresa;
			productName = Interfresa;
			productReference = 1D6058910D05DD3D006BFB54 /* Interfresa.app */;
			productType = "com.apple.product-type.application";
		};
/* End PBXNativeTarget section */

/* Begin PBXProject section */
		29B97313FDCFA39411CA2CEA /* Project object */ = {
			isa = PBXProject;
			attributes = {
				LastUpgradeCheck = 510;
				TargetAttributes = {
					1D6058900D05DD3D006BFB54 = {
						DevelopmentTeam = 75EC2AN39L;
						ProvisioningStyle = Automatic;
						SystemCapabilities = {
							com.apple.BackgroundModes = {
								enabled = 1;
							};
							com.apple.Push = {
								enabled = 1;
							};
						};
					};
				};
			};
			buildConfigurationList = C01FCF4E08A954540054247B /* Build configuration list for PBXProject "Interfresa" */;
			compatibilityVersion = "Xcode 3.2";
			developmentRegion = English;
			hasScannedForEncodings = 1;
			knownRegions = (
				en,
			);
			mainGroup = 29B97314FDCFA39411CA2CEA /* CustomTemplate */;
			projectDirPath = "";
			projectReferences = (
				{
					ProductGroup = 301BF52E109A57CC0062928A /* Products */;
					ProjectRef = 301BF52D109A57CC0062928A /* CordovaLib/CordovaLib.xcodeproj */;
				},
			);
			projectRoot = "";
			targets = (
				1D6058900D05DD3D006BFB54 /* Interfresa */,
			);
		};
/* End PBXProject section */

/* Begin PBXReferenceProxy section */
		00862CE21FC4FD31002D6BE4 /* Cordova.framework */ = {
			isa = PBXReferenceProxy;
			fileType = wrapper.framework;
			path = Cordova.framework;
			remoteRef = 00862CE11FC4FD31002D6BE4 /* PBXContainerItemProxy */;
			sourceTree = BUILT_PRODUCTS_DIR;
		};
		301BF535109A57CC0062928A /* libCordova.a */ = {
			isa = PBXReferenceProxy;
			fileType = archive.ar;
			path = libCordova.a;
			remoteRef = 301BF534109A57CC0062928A /* PBXContainerItemProxy */;
			sourceTree = BUILT_PRODUCTS_DIR;
		};
/* End PBXReferenceProxy section */

/* Begin PBXResourcesBuildPhase section */
		1D60588D0D05DD3D006BFB54 /* Resources */ = {
			isa = PBXResourcesBuildPhase;
			buildActionMask = 2147483647;
			files = (
				302D95F214D2391D003F00A1 /* MainViewController.xib in Resources */,
				0207DA581B56EA530066E2B4 /* Images.xcassets in Resources */,
				6AFF5BF91D6E424B00AB3073 /* CDVLaunchScreen.storyboard in Resources */,
				3DC0B7313AD7404895F4C9CE /* GoogleService-Info.plist in Resources */,
				63ABD34B69F840EEA3385DE6 /* Settings.bundle in Resources */,
			);
			runOnlyForDeploymentPostprocessing = 0;
		};
/* End PBXResourcesBuildPhase section */

/* Begin PBXShellScriptBuildPhase section */
		304B58A110DAC018002A0835 /* Copy www directory */ = {
			isa = PBXShellScriptBuildPhase;
			buildActionMask = 2147483647;
			files = (
			);
			inputPaths = (
			);
			name = "Copy www directory";
			outputPaths = (
			);
			runOnlyForDeploymentPostprocessing = 0;
			shellPath = /bin/sh;
			shellScript = "NODEJS_PATH=/usr/local/bin; NVM_NODE_PATH=~/.nvm/versions/node/`nvm version 2>/dev/null`/bin; N_NODE_PATH=`find /usr/local/n/versions/node/* -maxdepth 0 -type d 2>/dev/null | tail -1`/bin; XCODE_NODE_PATH=`xcode-select --print-path`/usr/share/xcs/Node/bin; PATH=$NODEJS_PATH:$NVM_NODE_PATH:$N_NODE_PATH:$XCODE_NODE_PATH:$PATH && node cordova/lib/copy-www-build-step.js";
			showEnvVarsInLog = 0;
		};
/* End PBXShellScriptBuildPhase section */

/* Begin PBXSourcesBuildPhase section */
		1D60588E0D05DD3D006BFB54 /* Sources */ = {
			isa = PBXSourcesBuildPhase;
			buildActionMask = 2147483647;
			files = (
				1D60589B0D05DD56006BFB54 /* main.m in Sources */,
				1D3623260D0F684500981E51 /* AppDelegate.m in Sources */,
				302D95F114D2391D003F00A1 /* MainViewController.m in Sources */,
				DAB6B719DE7E46FCAD6BB103 /* AppPreferences.m in Sources */,
				E38DF670FC604EE99C71EE13 /* UIImage+CropScaleOrientation.m in Sources */,
				1AEF80FF38D94A4997406C62 /* CDVCamera.m in Sources */,
				C8C81D71116A434A840EFACA /* CDVJpegHeaderWriter.m in Sources */,
				9A98819DA3314EB68FD3B63C /* CDVDevice.m in Sources */,
				5400BE44D9174A87B953AC78 /* FCMPlugin.m in Sources */,
				FB33F59831A24A9DB06CC8A8 /* AppDelegate+FCMPlugin.m in Sources */,
				3322446DED88470DA7007EEE /* CDVFile.m in Sources */,
				1758EE0C212F4DF6995D3C04 /* CDVLocalFilesystem.m in Sources */,
				796855A70AB641E89BCD4816 /* CDVAssetLibraryFilesystem.m in Sources */,
				F398D0E066D543F7BD117541 /* CDVFileTransfer.m in Sources */,
				0CD7326B38334361A6225008 /* CDVSplashScreen.m in Sources */,
				4EBF960451C54164BEBE97D5 /* CDVViewController+SplashScreen.m in Sources */,
				F8163FF140884E35949556FC /* CDVStatusBar.m in Sources */,
				9AC08DB17B654305A1BA000B /* IonicKeyboard.m in Sources */,
			);
			runOnlyForDeploymentPostprocessing = 0;
		};
/* End PBXSourcesBuildPhase section */

/* Begin PBXTargetDependency section */
		301BF551109A68C00062928A /* PBXTargetDependency */ = {
			isa = PBXTargetDependency;
			name = CordovaLib;
			targetProxy = 301BF550109A68C00062928A /* PBXContainerItemProxy */;
		};
/* End PBXTargetDependency section */

/* Begin XCBuildConfiguration section */
		1D6058940D05DD3E006BFB54 /* Debug */ = {
			isa = XCBuildConfiguration;
			baseConfigurationReference = 3047A50F1AB8059700498E2A /* build-debug.xcconfig */;
			buildSettings = {
				ALWAYS_SEARCH_USER_PATHS = NO;
				ASSETCATALOG_COMPILER_APPICON_NAME = AppIcon;
				ASSETCATALOG_COMPILER_LAUNCHIMAGE_NAME = LaunchImage;
				CLANG_ENABLE_MODULES = YES;
				CLANG_ENABLE_OBJC_ARC = YES;
				CODE_SIGN_ENTITLEMENTS = Interfresa/Interfresa.entitlements;
				"CODE_SIGN_IDENTITY[sdk=iphoneos*]" = "iPhone Developer";
				CODE_SIGN_STYLE = Automatic;
				COPY_PHASE_STRIP = NO;
				DEVELOPMENT_TEAM = 75EC2AN39L;
				FRAMEWORK_SEARCH_PATHS = (
					"$(inherited)",
					"\"Interfresa/Plugins/cordova-plugin-fcm\"",
					"\"Interfresa/Plugins/cordova-plugin-fcm\"",
					"\"Interfresa/Plugins/cordova-plugin-fcm\"",
					"\"Interfresa/Plugins/cordova-plugin-fcm\"",
					"\"Interfresa/Plugins/cordova-plugin-fcm\"",
					"\"Interfresa/Plugins/cordova-plugin-fcm\"",
					"\"Interfresa/Plugins/cordova-plugin-fcm\"",
					"\"Interfresa/Plugins/cordova-plugin-fcm\"",
				);
				GCC_DYNAMIC_NO_PIC = NO;
				GCC_OPTIMIZATION_LEVEL = 0;
				GCC_PRECOMPILE_PREFIX_HEADER = YES;
				GCC_PREFIX_HEADER = "Interfresa/Interfresa-Prefix.pch";
				GCC_THUMB_SUPPORT = NO;
				GCC_VERSION = "";
				INFOPLIST_FILE = "Interfresa/Interfresa-Info.plist";
				IPHONEOS_DEPLOYMENT_TARGET = 8.0;
				LD_RUNPATH_SEARCH_PATHS = "@executable_path/Frameworks";
				PRODUCT_NAME = Interfresa;
				PROVISIONING_PROFILE = "";
				PROVISIONING_PROFILE_SPECIFIER = "";
				SDKROOT = iphoneos;
				TARGETED_DEVICE_FAMILY = "1,2";
			};
			name = Debug;
		};
		1D6058950D05DD3E006BFB54 /* Release */ = {
			isa = XCBuildConfiguration;
			baseConfigurationReference = 3047A5101AB8059700498E2A /* build-release.xcconfig */;
			buildSettings = {
				ALWAYS_SEARCH_USER_PATHS = NO;
				ASSETCATALOG_COMPILER_APPICON_NAME = AppIcon;
				ASSETCATALOG_COMPILER_LAUNCHIMAGE_NAME = LaunchImage;
				CLANG_ENABLE_MODULES = YES;
				CLANG_ENABLE_OBJC_ARC = YES;
				CODE_SIGN_ENTITLEMENTS = Interfresa/Interfresa.entitlements;
				"CODE_SIGN_IDENTITY[sdk=iphoneos*]" = "iPhone Developer";
				CODE_SIGN_STYLE = Automatic;
				COPY_PHASE_STRIP = YES;
				DEVELOPMENT_TEAM = 75EC2AN39L;
				FRAMEWORK_SEARCH_PATHS = (
					"$(inherited)",
					"\"Interfresa/Plugins/cordova-plugin-fcm\"",
					"\"Interfresa/Plugins/cordova-plugin-fcm\"",
					"\"Interfresa/Plugins/cordova-plugin-fcm\"",
					"\"Interfresa/Plugins/cordova-plugin-fcm\"",
					"\"Interfresa/Plugins/cordova-plugin-fcm\"",
					"\"Interfresa/Plugins/cordova-plugin-fcm\"",
					"\"Interfresa/Plugins/cordova-plugin-fcm\"",
					"\"Interfresa/Plugins/cordova-plugin-fcm\"",
				);
				GCC_PRECOMPILE_PREFIX_HEADER = YES;
				GCC_PREFIX_HEADER = "Interfresa/Interfresa-Prefix.pch";
				GCC_THUMB_SUPPORT = NO;
				GCC_VERSION = "";
				INFOPLIST_FILE = "Interfresa/Interfresa-Info.plist";
				IPHONEOS_DEPLOYMENT_TARGET = 8.0;
				LD_RUNPATH_SEARCH_PATHS = "@executable_path/Frameworks";
				ONLY_ACTIVE_ARCH = YES;
				PRODUCT_NAME = Interfresa;
				PROVISIONING_PROFILE = "";
				PROVISIONING_PROFILE_SPECIFIER = "";
				SDKROOT = iphoneos;
				TARGETED_DEVICE_FAMILY = "1,2";
			};
			name = Release;
		};
		C01FCF4F08A954540054247B /* Debug */ = {
			isa = XCBuildConfiguration;
			baseConfigurationReference = 3047A5111AB8059700498E2A /* build.xcconfig */;
			buildSettings = {
				CLANG_ENABLE_MODULES = YES;
				CLANG_ENABLE_OBJC_ARC = YES;
				CLANG_WARN_BOOL_CONVERSION = YES;
				CLANG_WARN_CONSTANT_CONVERSION = YES;
				CLANG_WARN_EMPTY_BODY = YES;
				CLANG_WARN_ENUM_CONVERSION = YES;
				CLANG_WARN_INT_CONVERSION = YES;
				CLANG_WARN__DUPLICATE_METHOD_MATCH = YES;
				GCC_C_LANGUAGE_STANDARD = c99;
				GCC_THUMB_SUPPORT = NO;
				GCC_VERSION = "";
				GCC_WARN_ABOUT_RETURN_TYPE = YES;
				GCC_WARN_UNDECLARED_SELECTOR = YES;
				GCC_WARN_UNINITIALIZED_AUTOS = YES;
				GCC_WARN_UNUSED_FUNCTION = YES;
				GCC_WARN_UNUSED_VARIABLE = YES;
				ONLY_ACTIVE_ARCH = YES;
				SDKROOT = iphoneos;
				SKIP_INSTALL = NO;
			};
			name = Debug;
		};
		C01FCF5008A954540054247B /* Release */ = {
			isa = XCBuildConfiguration;
			baseConfigurationReference = 3047A5111AB8059700498E2A /* build.xcconfig */;
			buildSettings = {
				CLANG_ENABLE_MODULES = YES;
				CLANG_ENABLE_OBJC_ARC = YES;
				CLANG_WARN_BOOL_CONVERSION = YES;
				CLANG_WARN_CONSTANT_CONVERSION = YES;
				CLANG_WARN_EMPTY_BODY = YES;
				CLANG_WARN_ENUM_CONVERSION = YES;
				CLANG_WARN_INT_CONVERSION = YES;
				CLANG_WARN__DUPLICATE_METHOD_MATCH = YES;
				GCC_C_LANGUAGE_STANDARD = c99;
				GCC_THUMB_SUPPORT = NO;
				GCC_VERSION = "";
				GCC_WARN_ABOUT_RETURN_TYPE = YES;
				GCC_WARN_UNDECLARED_SELECTOR = YES;
				GCC_WARN_UNINITIALIZED_AUTOS = YES;
				GCC_WARN_UNUSED_FUNCTION = YES;
				GCC_WARN_UNUSED_VARIABLE = YES;
				SDKROOT = iphoneos;
				SKIP_INSTALL = NO;
			};
			name = Release;
		};
/* End XCBuildConfiguration section */

/* Begin XCConfigurationList section */
		1D6058960D05DD3E006BFB54 /* Build configuration list for PBXNativeTarget "Interfresa" */ = {
			isa = XCConfigurationList;
			buildConfigurations = (
				1D6058940D05DD3E006BFB54 /* Debug */,
				1D6058950D05DD3E006BFB54 /* Release */,
			);
			defaultConfigurationIsVisible = 0;
			defaultConfigurationName = Release;
		};
		C01FCF4E08A954540054247B /* Build configuration list for PBXProject "Interfresa" */ = {
			isa = XCConfigurationList;
			buildConfigurations = (
				C01FCF4F08A954540054247B /* Debug */,
				C01FCF5008A954540054247B /* Release */,
			);
			defaultConfigurationIsVisible = 0;
			defaultConfigurationName = Release;
		};
/* End XCConfigurationList section */
	};
	rootObject = 29B97313FDCFA39411CA2CEA /* Project object */;
}
